// !$*UTF8*$!
{
	archiveVersion = 1;
	classes = {
	};
	objectVersion = 55;
	objects = {

/* Begin PBXBuildFile section */
		4B37558A274EED9300A0A248 /* PictureItemView.swift in Sources */ = {isa = PBXBuildFile; fileRef = 4B375589274EED9300A0A248 /* PictureItemView.swift */; };
		4B37558E274F05FC00A0A248 /* SafariView.swift in Sources */ = {isa = PBXBuildFile; fileRef = 4B37558D274F05FC00A0A248 /* SafariView.swift */; };
		4BE2BD1D274AEC8000996C66 /* ios_arch_templateApp.swift in Sources */ = {isa = PBXBuildFile; fileRef = 4BE2BD1C274AEC8000996C66 /* ios_arch_templateApp.swift */; };
		4BE2BD1F274AEC8000996C66 /* ContentView.swift in Sources */ = {isa = PBXBuildFile; fileRef = 4BE2BD1E274AEC8000996C66 /* ContentView.swift */; };
		4BE2BD21274AEC8900996C66 /* Assets.xcassets in Resources */ = {isa = PBXBuildFile; fileRef = 4BE2BD20274AEC8900996C66 /* Assets.xcassets */; };
		4BE2BD24274AEC8900996C66 /* Preview Assets.xcassets in Resources */ = {isa = PBXBuildFile; fileRef = 4BE2BD23274AEC8900996C66 /* Preview Assets.xcassets */; };
		4BE2BD2F274AEF7700996C66 /* PicturesView.swift in Sources */ = {isa = PBXBuildFile; fileRef = 4BE2BD2E274AEF7700996C66 /* PicturesView.swift */; };
		4BE2BD31274AEF8B00996C66 /* PicturesViewModel.swift in Sources */ = {isa = PBXBuildFile; fileRef = 4BE2BD30274AEF8B00996C66 /* PicturesViewModel.swift */; };
		4BE2BD33274AEFA800996C66 /* PictureUiModel.swift in Sources */ = {isa = PBXBuildFile; fileRef = 4BE2BD32274AEFA800996C66 /* PictureUiModel.swift */; };
		4BE2BD37274AF17800996C66 /* PicturesRepository.swift in Sources */ = {isa = PBXBuildFile; fileRef = 4BE2BD36274AF17700996C66 /* PicturesRepository.swift */; };
		4BE2BD39274AF1D000996C66 /* Picture.swift in Sources */ = {isa = PBXBuildFile; fileRef = 4BE2BD38274AF1D000996C66 /* Picture.swift */; };
		4BE2BD3E274AF34A00996C66 /* PicturesRepositoryImpl.swift in Sources */ = {isa = PBXBuildFile; fileRef = 4BE2BD3D274AF34A00996C66 /* PicturesRepositoryImpl.swift */; };
		4BE2BD40274AF42A00996C66 /* PicturesDataSource.swift in Sources */ = {isa = PBXBuildFile; fileRef = 4BE2BD3F274AF42A00996C66 /* PicturesDataSource.swift */; };
		4BE2BD42274AF50A00996C66 /* PictureModel.swift in Sources */ = {isa = PBXBuildFile; fileRef = 4BE2BD41274AF50A00996C66 /* PictureModel.swift */; };
		4BE2BD44274AF57D00996C66 /* ApiClient.swift in Sources */ = {isa = PBXBuildFile; fileRef = 4BE2BD43274AF57D00996C66 /* ApiClient.swift */; };
		4BE2BD46274AF5FD00996C66 /* NativeApliClient.swift in Sources */ = {isa = PBXBuildFile; fileRef = 4BE2BD45274AF5FD00996C66 /* NativeApliClient.swift */; };
		4BE2BD48274AF63300996C66 /* Service.swift in Sources */ = {isa = PBXBuildFile; fileRef = 4BE2BD47274AF63300996C66 /* Service.swift */; };
		4BE2BD4A274AF66600996C66 /* NetworkError.swift in Sources */ = {isa = PBXBuildFile; fileRef = 4BE2BD49274AF66600996C66 /* NetworkError.swift */; };
		4BE2BD4C274AF93B00996C66 /* Service+URL.swift in Sources */ = {isa = PBXBuildFile; fileRef = 4BE2BD4B274AF93B00996C66 /* Service+URL.swift */; };
		4BE2BD4E274AFA8000996C66 /* Service+Pictures.swift in Sources */ = {isa = PBXBuildFile; fileRef = 4BE2BD4D274AFA8000996C66 /* Service+Pictures.swift */; };
		4BE2BD51274B1C9300996C66 /* DependencyProvider.swift in Sources */ = {isa = PBXBuildFile; fileRef = 4BE2BD50274B1C9300996C66 /* DependencyProvider.swift */; };
		4BF9DDD52759B3E200D07B71 /* GetPictures.swift in Sources */ = {isa = PBXBuildFile; fileRef = 4BF9DDD42759B3E200D07B71 /* GetPictures.swift */; };
/* End PBXBuildFile section */

/* Begin PBXFileReference section */
		4B375589274EED9300A0A248 /* PictureItemView.swift */ = {isa = PBXFileReference; lastKnownFileType = sourcecode.swift; path = PictureItemView.swift; sourceTree = "<group>"; };
		4B37558D274F05FC00A0A248 /* SafariView.swift */ = {isa = PBXFileReference; lastKnownFileType = sourcecode.swift; path = SafariView.swift; sourceTree = "<group>"; };
		4BE2BD19274AEC8000996C66 /* ios-arch-template.app */ = {isa = PBXFileReference; explicitFileType = wrapper.application; includeInIndex = 0; path = "ios-arch-template.app"; sourceTree = BUILT_PRODUCTS_DIR; };
		4BE2BD1C274AEC8000996C66 /* ios_arch_templateApp.swift */ = {isa = PBXFileReference; lastKnownFileType = sourcecode.swift; path = ios_arch_templateApp.swift; sourceTree = "<group>"; };
		4BE2BD1E274AEC8000996C66 /* ContentView.swift */ = {isa = PBXFileReference; lastKnownFileType = sourcecode.swift; path = ContentView.swift; sourceTree = "<group>"; };
		4BE2BD20274AEC8900996C66 /* Assets.xcassets */ = {isa = PBXFileReference; lastKnownFileType = folder.assetcatalog; path = Assets.xcassets; sourceTree = "<group>"; };
		4BE2BD23274AEC8900996C66 /* Preview Assets.xcassets */ = {isa = PBXFileReference; lastKnownFileType = folder.assetcatalog; path = "Preview Assets.xcassets"; sourceTree = "<group>"; };
		4BE2BD2E274AEF7700996C66 /* PicturesView.swift */ = {isa = PBXFileReference; lastKnownFileType = sourcecode.swift; path = PicturesView.swift; sourceTree = "<group>"; };
		4BE2BD30274AEF8B00996C66 /* PicturesViewModel.swift */ = {isa = PBXFileReference; lastKnownFileType = sourcecode.swift; path = PicturesViewModel.swift; sourceTree = "<group>"; };
		4BE2BD32274AEFA800996C66 /* PictureUiModel.swift */ = {isa = PBXFileReference; lastKnownFileType = sourcecode.swift; path = PictureUiModel.swift; sourceTree = "<group>"; };
		4BE2BD36274AF17700996C66 /* PicturesRepository.swift */ = {isa = PBXFileReference; lastKnownFileType = sourcecode.swift; path = PicturesRepository.swift; sourceTree = "<group>"; };
		4BE2BD38274AF1D000996C66 /* Picture.swift */ = {isa = PBXFileReference; lastKnownFileType = sourcecode.swift; path = Picture.swift; sourceTree = "<group>"; };
		4BE2BD3D274AF34A00996C66 /* PicturesRepositoryImpl.swift */ = {isa = PBXFileReference; lastKnownFileType = sourcecode.swift; path = PicturesRepositoryImpl.swift; sourceTree = "<group>"; };
		4BE2BD3F274AF42A00996C66 /* PicturesDataSource.swift */ = {isa = PBXFileReference; lastKnownFileType = sourcecode.swift; path = PicturesDataSource.swift; sourceTree = "<group>"; };
		4BE2BD41274AF50A00996C66 /* PictureModel.swift */ = {isa = PBXFileReference; lastKnownFileType = sourcecode.swift; path = PictureModel.swift; sourceTree = "<group>"; };
		4BE2BD43274AF57D00996C66 /* ApiClient.swift */ = {isa = PBXFileReference; lastKnownFileType = sourcecode.swift; path = ApiClient.swift; sourceTree = "<group>"; };
		4BE2BD45274AF5FD00996C66 /* NativeApliClient.swift */ = {isa = PBXFileReference; lastKnownFileType = sourcecode.swift; path = NativeApliClient.swift; sourceTree = "<group>"; };
		4BE2BD47274AF63300996C66 /* Service.swift */ = {isa = PBXFileReference; lastKnownFileType = sourcecode.swift; path = Service.swift; sourceTree = "<group>"; };
		4BE2BD49274AF66600996C66 /* NetworkError.swift */ = {isa = PBXFileReference; lastKnownFileType = sourcecode.swift; path = NetworkError.swift; sourceTree = "<group>"; };
		4BE2BD4B274AF93B00996C66 /* Service+URL.swift */ = {isa = PBXFileReference; lastKnownFileType = sourcecode.swift; path = "Service+URL.swift"; sourceTree = "<group>"; };
		4BE2BD4D274AFA8000996C66 /* Service+Pictures.swift */ = {isa = PBXFileReference; lastKnownFileType = sourcecode.swift; path = "Service+Pictures.swift"; sourceTree = "<group>"; };
		4BE2BD50274B1C9300996C66 /* DependencyProvider.swift */ = {isa = PBXFileReference; lastKnownFileType = sourcecode.swift; path = DependencyProvider.swift; sourceTree = "<group>"; };
		4BF9DDD42759B3E200D07B71 /* GetPictures.swift */ = {isa = PBXFileReference; lastKnownFileType = sourcecode.swift; path = GetPictures.swift; sourceTree = "<group>"; };
/* End PBXFileReference section */

/* Begin PBXFrameworksBuildPhase section */
		4BE2BD16274AEC8000996C66 /* Frameworks */ = {
			isa = PBXFrameworksBuildPhase;
			buildActionMask = 2147483647;
			files = (
			);
			runOnlyForDeploymentPostprocessing = 0;
		};
/* End PBXFrameworksBuildPhase section */

/* Begin PBXGroup section */
		4BE2BD10274AEC8000996C66 = {
			isa = PBXGroup;
			children = (
				4BE2BD1B274AEC8000996C66 /* ios-arch-template */,
				4BE2BD1A274AEC8000996C66 /* Products */,
			);
			sourceTree = "<group>";
		};
		4BE2BD1A274AEC8000996C66 /* Products */ = {
			isa = PBXGroup;
			children = (
				4BE2BD19274AEC8000996C66 /* ios-arch-template.app */,
			);
			name = Products;
			sourceTree = "<group>";
		};
		4BE2BD1B274AEC8000996C66 /* ios-arch-template */ = {
			isa = PBXGroup;
			children = (
				4BE2BD4F274B1C7F00996C66 /* DI */,
				4BE2BD2D274AED6400996C66 /* Core */,
				4BE2BD2C274AED4900996C66 /* Infrastructure */,
				4BE2BD2B274AED3C00996C66 /* Domain */,
				4BE2BD2A274AED2200996C66 /* Presentation */,
				4BE2BD1C274AEC8000996C66 /* ios_arch_templateApp.swift */,
				4BE2BD1E274AEC8000996C66 /* ContentView.swift */,
				4BE2BD20274AEC8900996C66 /* Assets.xcassets */,
				4BE2BD22274AEC8900996C66 /* Preview Content */,
			);
			path = "ios-arch-template";
			sourceTree = "<group>";
		};
		4BE2BD22274AEC8900996C66 /* Preview Content */ = {
			isa = PBXGroup;
			children = (
				4BE2BD23274AEC8900996C66 /* Preview Assets.xcassets */,
			);
			path = "Preview Content";
			sourceTree = "<group>";
		};
		4BE2BD2A274AED2200996C66 /* Presentation */ = {
			isa = PBXGroup;
			children = (
				4BF9DDD82759B55900D07B71 /* models */,
				4BF9DDD72759B52C00D07B71 /* viewmodels */,
				4BF9DDD62759B51900D07B71 /* views */,
			);
			path = Presentation;
			sourceTree = "<group>";
		};
		4BE2BD2B274AED3C00996C66 /* Domain */ = {
			isa = PBXGroup;
			children = (
				4BF9DDD32759B3C400D07B71 /* Usecases */,
				4BE2BD35274AF14F00996C66 /* Repositories */,
				4BE2BD34274AF12700996C66 /* Entities */,
			);
			path = Domain;
			sourceTree = "<group>";
		};
		4BE2BD2C274AED4900996C66 /* Infrastructure */ = {
			isa = PBXGroup;
			children = (
				4BE2BD3C274AF2A000996C66 /* Datasources */,
				4BE2BD3B274AF28D00996C66 /* Repositories */,
				4BE2BD3A274AF27300996C66 /* Models */,
			);
			path = Infrastructure;
			sourceTree = "<group>";
		};
		4BE2BD2D274AED6400996C66 /* Core */ = {
			isa = PBXGroup;
			children = (
				4BE2BD43274AF57D00996C66 /* ApiClient.swift */,
				4BE2BD45274AF5FD00996C66 /* NativeApliClient.swift */,
				4BE2BD47274AF63300996C66 /* Service.swift */,
				4BE2BD49274AF66600996C66 /* NetworkError.swift */,
			);
			path = Core;
			sourceTree = "<group>";
		};
		4BE2BD34274AF12700996C66 /* Entities */ = {
			isa = PBXGroup;
			children = (
				4BE2BD38274AF1D000996C66 /* Picture.swift */,
			);
			path = Entities;
			sourceTree = "<group>";
		};
		4BE2BD35274AF14F00996C66 /* Repositories */ = {
			isa = PBXGroup;
			children = (
				4BE2BD36274AF17700996C66 /* PicturesRepository.swift */,
			);
			path = Repositories;
			sourceTree = "<group>";
		};
		4BE2BD3A274AF27300996C66 /* Models */ = {
			isa = PBXGroup;
			children = (
				4BE2BD41274AF50A00996C66 /* PictureModel.swift */,
			);
			path = Models;
			sourceTree = "<group>";
		};
		4BE2BD3B274AF28D00996C66 /* Repositories */ = {
			isa = PBXGroup;
			children = (
				4BE2BD3D274AF34A00996C66 /* PicturesRepositoryImpl.swift */,
			);
			path = Repositories;
			sourceTree = "<group>";
		};
		4BE2BD3C274AF2A000996C66 /* Datasources */ = {
			isa = PBXGroup;
			children = (
				4BE2BD3F274AF42A00996C66 /* PicturesDataSource.swift */,
				4BE2BD4B274AF93B00996C66 /* Service+URL.swift */,
				4BE2BD4D274AFA8000996C66 /* Service+Pictures.swift */,
			);
			path = Datasources;
			sourceTree = "<group>";
		};
		4BE2BD4F274B1C7F00996C66 /* DI */ = {
			isa = PBXGroup;
			children = (
				4BE2BD50274B1C9300996C66 /* DependencyProvider.swift */,
			);
			path = DI;
			sourceTree = "<group>";
		};
		4BF9DDD32759B3C400D07B71 /* Usecases */ = {
			isa = PBXGroup;
			children = (
				4BF9DDD42759B3E200D07B71 /* GetPictures.swift */,
			);
			path = Usecases;
			sourceTree = "<group>";
		};
		4BF9DDD62759B51900D07B71 /* views */ = {
			isa = PBXGroup;
			children = (
				4B37558D274F05FC00A0A248 /* SafariView.swift */,
				4B375589274EED9300A0A248 /* PictureItemView.swift */,
				4BE2BD2E274AEF7700996C66 /* PicturesView.swift */,
			);
			path = views;
			sourceTree = "<group>";
		};
		4BF9DDD72759B52C00D07B71 /* viewmodels */ = {
			isa = PBXGroup;
			children = (
				4BE2BD30274AEF8B00996C66 /* PicturesViewModel.swift */,
			);
			path = viewmodels;
			sourceTree = "<group>";
		};
		4BF9DDD82759B55900D07B71 /* models */ = {
			isa = PBXGroup;
			children = (
				4BE2BD32274AEFA800996C66 /* PictureUiModel.swift */,
			);
			path = models;
			sourceTree = "<group>";
		};
/* End PBXGroup section */

/* Begin PBXNativeTarget section */
		4BE2BD18274AEC8000996C66 /* ios-arch-template */ = {
			isa = PBXNativeTarget;
			buildConfigurationList = 4BE2BD27274AEC8900996C66 /* Build configuration list for PBXNativeTarget "ios-arch-template" */;
			buildPhases = (
				4BE2BD15274AEC8000996C66 /* Sources */,
				4BE2BD16274AEC8000996C66 /* Frameworks */,
				4BE2BD17274AEC8000996C66 /* Resources */,
			);
			buildRules = (
			);
			dependencies = (
			);
			name = "ios-arch-template";
			productName = "ios-arch-template";
			productReference = 4BE2BD19274AEC8000996C66 /* ios-arch-template.app */;
			productType = "com.apple.product-type.application";
		};
/* End PBXNativeTarget section */

/* Begin PBXProject section */
		4BE2BD11274AEC8000996C66 /* Project object */ = {
			isa = PBXProject;
			attributes = {
				BuildIndependentTargetsInParallel = 1;
				LastSwiftUpdateCheck = 1310;
				LastUpgradeCheck = 1310;
				TargetAttributes = {
					4BE2BD18274AEC8000996C66 = {
						CreatedOnToolsVersion = 13.1;
					};
				};
			};
			buildConfigurationList = 4BE2BD14274AEC8000996C66 /* Build configuration list for PBXProject "ios-arch-template" */;
			compatibilityVersion = "Xcode 13.0";
			developmentRegion = en;
			hasScannedForEncodings = 0;
			knownRegions = (
				en,
				Base,
			);
			mainGroup = 4BE2BD10274AEC8000996C66;
			productRefGroup = 4BE2BD1A274AEC8000996C66 /* Products */;
			projectDirPath = "";
			projectRoot = "";
			targets = (
				4BE2BD18274AEC8000996C66 /* ios-arch-template */,
			);
		};
/* End PBXProject section */

/* Begin PBXResourcesBuildPhase section */
		4BE2BD17274AEC8000996C66 /* Resources */ = {
			isa = PBXResourcesBuildPhase;
			buildActionMask = 2147483647;
			files = (
				4BE2BD24274AEC8900996C66 /* Preview Assets.xcassets in Resources */,
				4BE2BD21274AEC8900996C66 /* Assets.xcassets in Resources */,
			);
			runOnlyForDeploymentPostprocessing = 0;
		};
/* End PBXResourcesBuildPhase section */

/* Begin PBXSourcesBuildPhase section */
		4BE2BD15274AEC8000996C66 /* Sources */ = {
			isa = PBXSourcesBuildPhase;
			buildActionMask = 2147483647;
			files = (
				4BE2BD44274AF57D00996C66 /* ApiClient.swift in Sources */,
				4BE2BD4A274AF66600996C66 /* NetworkError.swift in Sources */,
				4BE2BD48274AF63300996C66 /* Service.swift in Sources */,
				4BE2BD3E274AF34A00996C66 /* PicturesRepositoryImpl.swift in Sources */,
				4B37558E274F05FC00A0A248 /* SafariView.swift in Sources */,
				4BE2BD40274AF42A00996C66 /* PicturesDataSource.swift in Sources */,
				4BE2BD1F274AEC8000996C66 /* ContentView.swift in Sources */,
				4BE2BD31274AEF8B00996C66 /* PicturesViewModel.swift in Sources */,
				4BE2BD4C274AF93B00996C66 /* Service+URL.swift in Sources */,
				4BE2BD46274AF5FD00996C66 /* NativeApliClient.swift in Sources */,
				4BE2BD37274AF17800996C66 /* PicturesRepository.swift in Sources */,
				4BE2BD1D274AEC8000996C66 /* ios_arch_templateApp.swift in Sources */,
				4BE2BD51274B1C9300996C66 /* DependencyProvider.swift in Sources */,
				4BE2BD39274AF1D000996C66 /* Picture.swift in Sources */,
				4BE2BD4E274AFA8000996C66 /* Service+Pictures.swift in Sources */,
				4BF9DDD52759B3E200D07B71 /* GetPictures.swift in Sources */,
				4BE2BD33274AEFA800996C66 /* PictureUiModel.swift in Sources */,
				4BE2BD42274AF50A00996C66 /* PictureModel.swift in Sources */,
				4B37558A274EED9300A0A248 /* PictureItemView.swift in Sources */,
				4BE2BD2F274AEF7700996C66 /* PicturesView.swift in Sources */,
			);
			runOnlyForDeploymentPostprocessing = 0;
		};
/* End PBXSourcesBuildPhase section */

/* Begin XCBuildConfiguration section */
		4BE2BD25274AEC8900996C66 /* Debug */ = {
			isa = XCBuildConfiguration;
			buildSettings = {
				ALWAYS_SEARCH_USER_PATHS = NO;
				CLANG_ANALYZER_NONNULL = YES;
				CLANG_ANALYZER_NUMBER_OBJECT_CONVERSION = YES_AGGRESSIVE;
				CLANG_CXX_LANGUAGE_STANDARD = "gnu++17";
				CLANG_CXX_LIBRARY = "libc++";
				CLANG_ENABLE_MODULES = YES;
				CLANG_ENABLE_OBJC_ARC = YES;
				CLANG_ENABLE_OBJC_WEAK = YES;
				CLANG_WARN_BLOCK_CAPTURE_AUTORELEASING = YES;
				CLANG_WARN_BOOL_CONVERSION = YES;
				CLANG_WARN_COMMA = YES;
				CLANG_WARN_CONSTANT_CONVERSION = YES;
				CLANG_WARN_DEPRECATED_OBJC_IMPLEMENTATIONS = YES;
				CLANG_WARN_DIRECT_OBJC_ISA_USAGE = YES_ERROR;
				CLANG_WARN_DOCUMENTATION_COMMENTS = YES;
				CLANG_WARN_EMPTY_BODY = YES;
				CLANG_WARN_ENUM_CONVERSION = YES;
				CLANG_WARN_INFINITE_RECURSION = YES;
				CLANG_WARN_INT_CONVERSION = YES;
				CLANG_WARN_NON_LITERAL_NULL_CONVERSION = YES;
				CLANG_WARN_OBJC_IMPLICIT_RETAIN_SELF = YES;
				CLANG_WARN_OBJC_LITERAL_CONVERSION = YES;
				CLANG_WARN_OBJC_ROOT_CLASS = YES_ERROR;
				CLANG_WARN_QUOTED_INCLUDE_IN_FRAMEWORK_HEADER = YES;
				CLANG_WARN_RANGE_LOOP_ANALYSIS = YES;
				CLANG_WARN_STRICT_PROTOTYPES = YES;
				CLANG_WARN_SUSPICIOUS_MOVE = YES;
				CLANG_WARN_UNGUARDED_AVAILABILITY = YES_AGGRESSIVE;
				CLANG_WARN_UNREACHABLE_CODE = YES;
				CLANG_WARN__DUPLICATE_METHOD_MATCH = YES;
				COPY_PHASE_STRIP = NO;
				DEBUG_INFORMATION_FORMAT = dwarf;
				ENABLE_STRICT_OBJC_MSGSEND = YES;
				ENABLE_TESTABILITY = YES;
				GCC_C_LANGUAGE_STANDARD = gnu11;
				GCC_DYNAMIC_NO_PIC = NO;
				GCC_NO_COMMON_BLOCKS = YES;
				GCC_OPTIMIZATION_LEVEL = 0;
				GCC_PREPROCESSOR_DEFINITIONS = (
					"DEBUG=1",
					"$(inherited)",
				);
				GCC_WARN_64_TO_32_BIT_CONVERSION = YES;
				GCC_WARN_ABOUT_RETURN_TYPE = YES_ERROR;
				GCC_WARN_UNDECLARED_SELECTOR = YES;
				GCC_WARN_UNINITIALIZED_AUTOS = YES_AGGRESSIVE;
				GCC_WARN_UNUSED_FUNCTION = YES;
				GCC_WARN_UNUSED_VARIABLE = YES;
				IPHONEOS_DEPLOYMENT_TARGET = 15.0;
				MTL_ENABLE_DEBUG_INFO = INCLUDE_SOURCE;
				MTL_FAST_MATH = YES;
				ONLY_ACTIVE_ARCH = YES;
				SDKROOT = iphoneos;
				SWIFT_ACTIVE_COMPILATION_CONDITIONS = DEBUG;
				SWIFT_OPTIMIZATION_LEVEL = "-Onone";
			};
			name = Debug;
		};
		4BE2BD26274AEC8900996C66 /* Release */ = {
			isa = XCBuildConfiguration;
			buildSettings = {
				ALWAYS_SEARCH_USER_PATHS = NO;
				CLANG_ANALYZER_NONNULL = YES;
				CLANG_ANALYZER_NUMBER_OBJECT_CONVERSION = YES_AGGRESSIVE;
				CLANG_CXX_LANGUAGE_STANDARD = "gnu++17";
				CLANG_CXX_LIBRARY = "libc++";
				CLANG_ENABLE_MODULES = YES;
				CLANG_ENABLE_OBJC_ARC = YES;
				CLANG_ENABLE_OBJC_WEAK = YES;
				CLANG_WARN_BLOCK_CAPTURE_AUTORELEASING = YES;
				CLANG_WARN_BOOL_CONVERSION = YES;
				CLANG_WARN_COMMA = YES;
				CLANG_WARN_CONSTANT_CONVERSION = YES;
				CLANG_WARN_DEPRECATED_OBJC_IMPLEMENTATIONS = YES;
				CLANG_WARN_DIRECT_OBJC_ISA_USAGE = YES_ERROR;
				CLANG_WARN_DOCUMENTATION_COMMENTS = YES;
				CLANG_WARN_EMPTY_BODY = YES;
				CLANG_WARN_ENUM_CONVERSION = YES;
				CLANG_WARN_INFINITE_RECURSION = YES;
				CLANG_WARN_INT_CONVERSION = YES;
				CLANG_WARN_NON_LITERAL_NULL_CONVERSION = YES;
				CLANG_WARN_OBJC_IMPLICIT_RETAIN_SELF = YES;
				CLANG_WARN_OBJC_LITERAL_CONVERSION = YES;
				CLANG_WARN_OBJC_ROOT_CLASS = YES_ERROR;
				CLANG_WARN_QUOTED_INCLUDE_IN_FRAMEWORK_HEADER = YES;
				CLANG_WARN_RANGE_LOOP_ANALYSIS = YES;
				CLANG_WARN_STRICT_PROTOTYPES = YES;
				CLANG_WARN_SUSPICIOUS_MOVE = YES;
				CLANG_WARN_UNGUARDED_AVAILABILITY = YES_AGGRESSIVE;
				CLANG_WARN_UNREACHABLE_CODE = YES;
				CLANG_WARN__DUPLICATE_METHOD_MATCH = YES;
				COPY_PHASE_STRIP = NO;
				DEBUG_INFORMATION_FORMAT = "dwarf-with-dsym";
				ENABLE_NS_ASSERTIONS = NO;
				ENABLE_STRICT_OBJC_MSGSEND = YES;
				GCC_C_LANGUAGE_STANDARD = gnu11;
				GCC_NO_COMMON_BLOCKS = YES;
				GCC_WARN_64_TO_32_BIT_CONVERSION = YES;
				GCC_WARN_ABOUT_RETURN_TYPE = YES_ERROR;
				GCC_WARN_UNDECLARED_SELECTOR = YES;
				GCC_WARN_UNINITIALIZED_AUTOS = YES_AGGRESSIVE;
				GCC_WARN_UNUSED_FUNCTION = YES;
				GCC_WARN_UNUSED_VARIABLE = YES;
				IPHONEOS_DEPLOYMENT_TARGET = 15.0;
				MTL_ENABLE_DEBUG_INFO = NO;
				MTL_FAST_MATH = YES;
				SDKROOT = iphoneos;
				SWIFT_COMPILATION_MODE = wholemodule;
				SWIFT_OPTIMIZATION_LEVEL = "-O";
				VALIDATE_PRODUCT = YES;
			};
			name = Release;
		};
		4BE2BD28274AEC8900996C66 /* Debug */ = {
			isa = XCBuildConfiguration;
			buildSettings = {
				ASSETCATALOG_COMPILER_APPICON_NAME = AppIcon;
				ASSETCATALOG_COMPILER_GLOBAL_ACCENT_COLOR_NAME = AccentColor;
				CODE_SIGN_STYLE = Automatic;
				CURRENT_PROJECT_VERSION = 1;
				DEVELOPMENT_ASSET_PATHS = "\"ios-arch-template/Preview Content\"";
				DEVELOPMENT_TEAM = GZNR5GETS3;
				ENABLE_PREVIEWS = YES;
				GENERATE_INFOPLIST_FILE = YES;
				INFOPLIST_KEY_UIApplicationSceneManifest_Generation = YES;
				INFOPLIST_KEY_UIApplicationSupportsIndirectInputEvents = YES;
				INFOPLIST_KEY_UILaunchScreen_Generation = YES;
				INFOPLIST_KEY_UISupportedInterfaceOrientations_iPad = "UIInterfaceOrientationPortrait UIInterfaceOrientationPortraitUpsideDown UIInterfaceOrientationLandscapeLeft UIInterfaceOrientationLandscapeRight";
				INFOPLIST_KEY_UISupportedInterfaceOrientations_iPhone = "UIInterfaceOrientationPortrait UIInterfaceOrientationLandscapeLeft UIInterfaceOrientationLandscapeRight";
				LD_RUNPATH_SEARCH_PATHS = (
					"$(inherited)",
					"@executable_path/Frameworks",
				);
				MARKETING_VERSION = 1.0;
				PRODUCT_BUNDLE_IDENTIFIER = "com.santimattius.ios-arch-template";
				PRODUCT_NAME = "$(TARGET_NAME)";
				SWIFT_EMIT_LOC_STRINGS = YES;
				SWIFT_VERSION = 5.0;
				TARGETED_DEVICE_FAMILY = "1,2";
			};
			name = Debug;
		};
		4BE2BD29274AEC8900996C66 /* Release */ = {
			isa = XCBuildConfiguration;
			buildSettings = {
				ASSETCATALOG_COMPILER_APPICON_NAME = AppIcon;
				ASSETCATALOG_COMPILER_GLOBAL_ACCENT_COLOR_NAME = AccentColor;
				CODE_SIGN_STYLE = Automatic;
				CURRENT_PROJECT_VERSION = 1;
				DEVELOPMENT_ASSET_PATHS = "\"ios-arch-template/Preview Content\"";
				DEVELOPMENT_TEAM = GZNR5GETS3;
				ENABLE_PREVIEWS = YES;
				GENERATE_INFOPLIST_FILE = YES;
				INFOPLIST_KEY_UIApplicationSceneManifest_Generation = YES;
				INFOPLIST_KEY_UIApplicationSupportsIndirectInputEvents = YES;
				INFOPLIST_KEY_UILaunchScreen_Generation = YES;
				INFOPLIST_KEY_UISupportedInterfaceOrientations_iPad = "UIInterfaceOrientationPortrait UIInterfaceOrientationPortraitUpsideDown UIInterfaceOrientationLandscapeLeft UIInterfaceOrientationLandscapeRight";
				INFOPLIST_KEY_UISupportedInterfaceOrientations_iPhone = "UIInterfaceOrientationPortrait UIInterfaceOrientationLandscapeLeft UIInterfaceOrientationLandscapeRight";
				LD_RUNPATH_SEARCH_PATHS = (
					"$(inherited)",
					"@executable_path/Frameworks",
				);
				MARKETING_VERSION = 1.0;
				PRODUCT_BUNDLE_IDENTIFIER = "com.santimattius.ios-arch-template";
				PRODUCT_NAME = "$(TARGET_NAME)";
				SWIFT_EMIT_LOC_STRINGS = YES;
				SWIFT_VERSION = 5.0;
				TARGETED_DEVICE_FAMILY = "1,2";
			};
			name = Release;
		};
/* End XCBuildConfiguration section */

/* Begin XCConfigurationList section */
		4BE2BD14274AEC8000996C66 /* Build configuration list for PBXProject "ios-arch-template" */ = {
			isa = XCConfigurationList;
			buildConfigurations = (
				4BE2BD25274AEC8900996C66 /* Debug */,
				4BE2BD26274AEC8900996C66 /* Release */,
			);
			defaultConfigurationIsVisible = 0;
			defaultConfigurationName = Release;
		};
		4BE2BD27274AEC8900996C66 /* Build configuration list for PBXNativeTarget "ios-arch-template" */ = {
			isa = XCConfigurationList;
			buildConfigurations = (
				4BE2BD28274AEC8900996C66 /* Debug */,
				4BE2BD29274AEC8900996C66 /* Release */,
			);
			defaultConfigurationIsVisible = 0;
			defaultConfigurationName = Release;
		};
/* End XCConfigurationList section */
	};
	rootObject = 4BE2BD11274AEC8000996C66 /* Project object */;
}
